
Microsoft Visual Studio Solution File, Format Version 12.00
# Visual Studio Version 17
VisualStudioVersion = 17.4.33103.184
MinimumVisualStudioVersion = 10.0.40219.1
Project("{9A19103F-16F7-4668-BE54-9A1E7A4F7556}") = "WorkTest.Api", "WorkTest\WorkTest.Api.csproj", "{60FB6571-B325-49D6-B76F-BC89678BD7C9}"
EndProject
Project("{9A19103F-16F7-4668-BE54-9A1E7A4F7556}") = "WorkTest.Bll", "WorkTest.Bll\WorkTest.Bll.csproj", "{88A79AAA-B281-429C-98E8-A839F502B438}"
EndProject
Project("{9A19103F-16F7-4668-BE54-9A1E7A4F7556}") = "WorkTest.Dal", "Work.Test.Dal\WorkTest.Dal.csproj", "{4B4FDEB5-6291-4DD5-A6E1-A105790965A2}"
EndProject
Project("{9A19103F-16F7-4668-BE54-9A1E7A4F7556}") = "WorkTest.Constants", "WorkTest.Constants\WorkTest.Constants.csproj", "{508A7814-0E16-4CEB-AEA1-641DD9B5C80F}"
EndProject
Project("{FAE04EC0-301F-11D3-BF4B-00C04F79EFBC}") = "WorkTest.Validator", "WorkTest.Validator\WorkTest.Validator.csproj", "{41F185CC-4E03-44D6-8EB4-1A01E4B35C4F}"
EndProject
Global
	GlobalSection(SolutionConfigurationPlatforms) = preSolution
		Debug|Any CPU = Debug|Any CPU
		Release|Any CPU = Release|Any CPU
	EndGlobalSection
	GlobalSection(ProjectConfigurationPlatforms) = postSolution
		{60FB6571-B325-49D6-B76F-BC89678BD7C9}.Debug|Any CPU.ActiveCfg = Debug|Any CPU
		{60FB6571-B325-49D6-B76F-BC89678BD7C9}.Debug|Any CPU.Build.0 = Debug|Any CPU
		{60FB6571-B325-49D6-B76F-BC89678BD7C9}.Release|Any CPU.ActiveCfg = Release|Any CPU
		{60FB6571-B325-49D6-B76F-BC89678BD7C9}.Release|Any CPU.Build.0 = Release|Any CPU
		{88A79AAA-B281-429C-98E8-A839F502B438}.Debug|Any CPU.ActiveCfg = Debug|Any CPU
		{88A79AAA-B281-429C-98E8-A839F502B438}.Debug|Any CPU.Build.0 = Debug|Any CPU
		{88A79AAA-B281-429C-98E8-A839F502B438}.Release|Any CPU.ActiveCfg = Release|Any CPU
		{88A79AAA-B281-429C-98E8-A839F502B438}.Release|Any CPU.Build.0 = Release|Any CPU
		{4B4FDEB5-6291-4DD5-A6E1-A105790965A2}.Debug|Any CPU.ActiveCfg = Debug|Any CPU
		{4B4FDEB5-6291-4DD5-A6E1-A105790965A2}.Debug|Any CPU.Build.0 = Debug|Any CPU
		{4B4FDEB5-6291-4DD5-A6E1-A105790965A2}.Release|Any CPU.ActiveCfg = Release|Any CPU
		{4B4FDEB5-6291-4DD5-A6E1-A105790965A2}.Release|Any CPU.Build.0 = Release|Any CPU
		{508A7814-0E16-4CEB-AEA1-641DD9B5C80F}.Debug|Any CPU.ActiveCfg = Debug|Any CPU
		{508A7814-0E16-4CEB-AEA1-641DD9B5C80F}.Debug|Any CPU.Build.0 = Debug|Any CPU
		{508A7814-0E16-4CEB-AEA1-641DD9B5C80F}.Release|Any CPU.ActiveCfg = Release|Any CPU
		{508A7814-0E16-4CEB-AEA1-641DD9B5C80F}.Release|Any CPU.Build.0 = Release|Any CPU
		{41F185CC-4E03-44D6-8EB4-1A01E4B35C4F}.Debug|Any CPU.ActiveCfg = Debug|Any CPU
		{41F185CC-4E03-44D6-8EB4-1A01E4B35C4F}.Debug|Any CPU.Build.0 = Debug|Any CPU
		{41F185CC-4E03-44D6-8EB4-1A01E4B35C4F}.Release|Any CPU.ActiveCfg = Release|Any CPU
		{41F185CC-4E03-44D6-8EB4-1A01E4B35C4F}.Release|Any CPU.Build.0 = Release|Any CPU
	EndGlobalSection
	GlobalSection(SolutionProperties) = preSolution
		HideSolutionNode = FALSE
	EndGlobalSection
	GlobalSection(ExtensibilityGlobals) = postSolution
		SolutionGuid = {713FC8FA-51EE-4C26-8C82-09C669280B91}
	EndGlobalSection
EndGlobal
