
Microsoft Visual Studio Solution File, Format Version 12.00
# Visual Studio Version 17
VisualStudioVersion = 17.4.33103.184
MinimumVisualStudioVersion = 10.0.40219.1
Project("{9A19103F-16F7-4668-BE54-9A1E7A4F7556}") = "WorkTest.Api", "WorkTest.Api\WorkTest.Api.csproj", "{60FB6571-B325-49D6-B76F-BC89678BD7C9}"
EndProject
Project("{9A19103F-16F7-4668-BE54-9A1E7A4F7556}") = "WorkTest.Bll", "WorkTest.Bll\WorkTest.Bll.csproj", "{88A79AAA-B281-429C-98E8-A839F502B438}"
EndProject
Project("{9A19103F-16F7-4668-BE54-9A1E7A4F7556}") = "WorkTest.Dal", "Work.Test.Dal\WorkTest.Dal.csproj", "{4B4FDEB5-6291-4DD5-A6E1-A105790965A2}"
EndProject
Project("{9A19103F-16F7-4668-BE54-9A1E7A4F7556}") = "WorkTest.Contracts", "WorkTest.Contracts\WorkTest.Contracts.csproj", "{52846002-E3BA-4921-AF38-0A81B1B918B1}"
EndProject
Project("{9A19103F-16F7-4668-BE54-9A1E7A4F7556}") = "WorkTest.Models", "WorkTest.Models\WorkTest.Models.csproj", "{96F704BB-E115-457C-85AC-B14E2C4633BA}"
EndProject
Project("{FAE04EC0-301F-11D3-BF4B-00C04F79EFBC}") = "WorkTest.Validator", "WorkTest.Validator\WorkTest.Validator.csproj", "{DD1DF1F2-823F-4670-B6A9-B3EB67FE5445}"
EndProject
Global
	GlobalSection(SolutionConfigurationPlatforms) = preSolution
		Debug|Any CPU = Debug|Any CPU
		Release|Any CPU = Release|Any CPU
	EndGlobalSection
	GlobalSection(ProjectConfigurationPlatforms) = postSolution
		{60FB6571-B325-49D6-B76F-BC89678BD7C9}.Debug|Any CPU.ActiveCfg = Debug|Any CPU
		{60FB6571-B325-49D6-B76F-BC89678BD7C9}.Debug|Any CPU.Build.0 = Debug|Any CPU
		{60FB6571-B325-49D6-B76F-BC89678BD7C9}.Release|Any CPU.ActiveCfg = Release|Any CPU
		{60FB6571-B325-49D6-B76F-BC89678BD7C9}.Release|Any CPU.Build.0 = Release|Any CPU
		{88A79AAA-B281-429C-98E8-A839F502B438}.Debug|Any CPU.ActiveCfg = Debug|Any CPU
		{88A79AAA-B281-429C-98E8-A839F502B438}.Debug|Any CPU.Build.0 = Debug|Any CPU
		{88A79AAA-B281-429C-98E8-A839F502B438}.Release|Any CPU.ActiveCfg = Release|Any CPU
		{88A79AAA-B281-429C-98E8-A839F502B438}.Release|Any CPU.Build.0 = Release|Any CPU
		{4B4FDEB5-6291-4DD5-A6E1-A105790965A2}.Debug|Any CPU.ActiveCfg = Debug|Any CPU
		{4B4FDEB5-6291-4DD5-A6E1-A105790965A2}.Debug|Any CPU.Build.0 = Debug|Any CPU
		{4B4FDEB5-6291-4DD5-A6E1-A105790965A2}.Release|Any CPU.ActiveCfg = Release|Any CPU
		{4B4FDEB5-6291-4DD5-A6E1-A105790965A2}.Release|Any CPU.Build.0 = Release|Any CPU
		{52846002-E3BA-4921-AF38-0A81B1B918B1}.Debug|Any CPU.ActiveCfg = Debug|Any CPU
		{52846002-E3BA-4921-AF38-0A81B1B918B1}.Debug|Any CPU.Build.0 = Debug|Any CPU
		{52846002-E3BA-4921-AF38-0A81B1B918B1}.Release|Any CPU.ActiveCfg = Release|Any CPU
		{52846002-E3BA-4921-AF38-0A81B1B918B1}.Release|Any CPU.Build.0 = Release|Any CPU
		{96F704BB-E115-457C-85AC-B14E2C4633BA}.Debug|Any CPU.ActiveCfg = Debug|Any CPU
		{96F704BB-E115-457C-85AC-B14E2C4633BA}.Debug|Any CPU.Build.0 = Debug|Any CPU
		{96F704BB-E115-457C-85AC-B14E2C4633BA}.Release|Any CPU.ActiveCfg = Release|Any CPU
		{96F704BB-E115-457C-85AC-B14E2C4633BA}.Release|Any CPU.Build.0 = Release|Any CPU
		{DD1DF1F2-823F-4670-B6A9-B3EB67FE5445}.Debug|Any CPU.ActiveCfg = Debug|Any CPU
		{DD1DF1F2-823F-4670-B6A9-B3EB67FE5445}.Debug|Any CPU.Build.0 = Debug|Any CPU
		{DD1DF1F2-823F-4670-B6A9-B3EB67FE5445}.Release|Any CPU.ActiveCfg = Release|Any CPU
		{DD1DF1F2-823F-4670-B6A9-B3EB67FE5445}.Release|Any CPU.Build.0 = Release|Any CPU
	EndGlobalSection
	GlobalSection(SolutionProperties) = preSolution
		HideSolutionNode = FALSE
	EndGlobalSection
	GlobalSection(ExtensibilityGlobals) = postSolution
		SolutionGuid = {713FC8FA-51EE-4C26-8C82-09C669280B91}
	EndGlobalSection
EndGlobal
